// !$*UTF8*$!
{
	archiveVersion = 1;
	classes = {
	};
	objectVersion = 46;
	objects = {

/* Begin PBXBuildFile section */
		190674AF1DD09A2D00B24891 /* AppDelegate.swift in Sources */ = {isa = PBXBuildFile; fileRef = 190674AE1DD09A2D00B24891 /* AppDelegate.swift */; };
		190674B11DD09A2D00B24891 /* ViewController.swift in Sources */ = {isa = PBXBuildFile; fileRef = 190674B01DD09A2D00B24891 /* ViewController.swift */; };
		190674B41DD09A2D00B24891 /* Main.storyboard in Resources */ = {isa = PBXBuildFile; fileRef = 190674B21DD09A2D00B24891 /* Main.storyboard */; };
		190674B61DD09A2D00B24891 /* Assets.xcassets in Resources */ = {isa = PBXBuildFile; fileRef = 190674B51DD09A2D00B24891 /* Assets.xcassets */; };
		190674B91DD09A2D00B24891 /* LaunchScreen.storyboard in Resources */ = {isa = PBXBuildFile; fileRef = 190674B71DD09A2D00B24891 /* LaunchScreen.storyboard */; };
		190674C41DD09A2E00B24891 /* locationTests.swift in Sources */ = {isa = PBXBuildFile; fileRef = 190674C31DD09A2E00B24891 /* locationTests.swift */; };
		190674CF1DD09A2E00B24891 /* locationUITests.swift in Sources */ = {isa = PBXBuildFile; fileRef = 190674CE1DD09A2E00B24891 /* locationUITests.swift */; };
		190674DE1DD09B1E00B24891 /* CoreLocation.framework in Frameworks */ = {isa = PBXBuildFile; fileRef = 190674DD1DD09B1E00B24891 /* CoreLocation.framework */; };
		190674E01DD09B2600B24891 /* MapKit.framework in Frameworks */ = {isa = PBXBuildFile; fileRef = 190674DF1DD09B2600B24891 /* MapKit.framework */; };
/* End PBXBuildFile section */

/* Begin PBXContainerItemProxy section */
		190674C01DD09A2E00B24891 /* PBXContainerItemProxy */ = {
			isa = PBXContainerItemProxy;
			containerPortal = 190674A31DD09A2D00B24891 /* Project object */;
			proxyType = 1;
			remoteGlobalIDString = 190674AA1DD09A2D00B24891;
			remoteInfo = location;
		};
		190674CB1DD09A2E00B24891 /* PBXContainerItemProxy */ = {
			isa = PBXContainerItemProxy;
			containerPortal = 190674A31DD09A2D00B24891 /* Project object */;
			proxyType = 1;
			remoteGlobalIDString = 190674AA1DD09A2D00B24891;
			remoteInfo = location;
		};
/* End PBXContainerItemProxy section */

/* Begin PBXFileReference section */
		190674AB1DD09A2D00B24891 /* location.app */ = {isa = PBXFileReference; explicitFileType = wrapper.application; includeInIndex = 0; path = location.app; sourceTree = BUILT_PRODUCTS_DIR; };
		190674AE1DD09A2D00B24891 /* AppDelegate.swift */ = {isa = PBXFileReference; lastKnownFileType = sourcecode.swift; path = AppDelegate.swift; sourceTree = "<group>"; };
		190674B01DD09A2D00B24891 /* ViewController.swift */ = {isa = PBXFileReference; lastKnownFileType = sourcecode.swift; path = ViewController.swift; sourceTree = "<group>"; };
		190674B31DD09A2D00B24891 /* Base */ = {isa = PBXFileReference; lastKnownFileType = file.storyboard; name = Base; path = Base.lproj/Main.storyboard; sourceTree = "<group>"; };
		190674B51DD09A2D00B24891 /* Assets.xcassets */ = {isa = PBXFileReference; lastKnownFileType = folder.assetcatalog; path = Assets.xcassets; sourceTree = "<group>"; };
		190674B81DD09A2D00B24891 /* Base */ = {isa = PBXFileReference; lastKnownFileType = file.storyboard; name = Base; path = Base.lproj/LaunchScreen.storyboard; sourceTree = "<group>"; };
		190674BA1DD09A2D00B24891 /* Info.plist */ = {isa = PBXFileReference; lastKnownFileType = text.plist.xml; path = Info.plist; sourceTree = "<group>"; };
		190674BF1DD09A2E00B24891 /* locationTests.xctest */ = {isa = PBXFileReference; explicitFileType = wrapper.cfbundle; includeInIndex = 0; path = locationTests.xctest; sourceTree = BUILT_PRODUCTS_DIR; };
		190674C31DD09A2E00B24891 /* locationTests.swift */ = {isa = PBXFileReference; lastKnownFileType = sourcecode.swift; path = locationTests.swift; sourceTree = "<group>"; };
		190674C51DD09A2E00B24891 /* Info.plist */ = {isa = PBXFileReference; lastKnownFileType = text.plist.xml; path = Info.plist; sourceTree = "<group>"; };
		190674CA1DD09A2E00B24891 /* locationUITests.xctest */ = {isa = PBXFileReference; explicitFileType = wrapper.cfbundle; includeInIndex = 0; path = locationUITests.xctest; sourceTree = BUILT_PRODUCTS_DIR; };
		190674CE1DD09A2E00B24891 /* locationUITests.swift */ = {isa = PBXFileReference; lastKnownFileType = sourcecode.swift; path = locationUITests.swift; sourceTree = "<group>"; };
		190674D01DD09A2E00B24891 /* Info.plist */ = {isa = PBXFileReference; lastKnownFileType = text.plist.xml; path = Info.plist; sourceTree = "<group>"; };
		190674DD1DD09B1E00B24891 /* CoreLocation.framework */ = {isa = PBXFileReference; lastKnownFileType = wrapper.framework; name = CoreLocation.framework; path = System/Library/Frameworks/CoreLocation.framework; sourceTree = SDKROOT; };
		190674DF1DD09B2600B24891 /* MapKit.framework */ = {isa = PBXFileReference; lastKnownFileType = wrapper.framework; name = MapKit.framework; path = System/Library/Frameworks/MapKit.framework; sourceTree = SDKROOT; };
/* End PBXFileReference section */

/* Begin PBXFrameworksBuildPhase section */
		190674A81DD09A2D00B24891 /* Frameworks */ = {
			isa = PBXFrameworksBuildPhase;
			buildActionMask = 2147483647;
			files = (
				190674E01DD09B2600B24891 /* MapKit.framework in Frameworks */,
				190674DE1DD09B1E00B24891 /* CoreLocation.framework in Frameworks */,
			);
			runOnlyForDeploymentPostprocessing = 0;
		};
		190674BC1DD09A2E00B24891 /* Frameworks */ = {
			isa = PBXFrameworksBuildPhase;
			buildActionMask = 2147483647;
			files = (
			);
			runOnlyForDeploymentPostprocessing = 0;
		};
		190674C71DD09A2E00B24891 /* Frameworks */ = {
			isa = PBXFrameworksBuildPhase;
			buildActionMask = 2147483647;
			files = (
			);
			runOnlyForDeploymentPostprocessing = 0;
		};
/* End PBXFrameworksBuildPhase section */

/* Begin PBXGroup section */
		190674A21DD09A2D00B24891 = {
			isa = PBXGroup;
			children = (
				190674AD1DD09A2D00B24891 /* location */,
				190674C21DD09A2E00B24891 /* locationTests */,
				190674CD1DD09A2E00B24891 /* locationUITests */,
				190674AC1DD09A2D00B24891 /* Products */,
				190674DC1DD09B1E00B24891 /* Frameworks */,
			);
			sourceTree = "<group>";
		};
		190674AC1DD09A2D00B24891 /* Products */ = {
			isa = PBXGroup;
			children = (
				190674AB1DD09A2D00B24891 /* location.app */,
				190674BF1DD09A2E00B24891 /* locationTests.xctest */,
				190674CA1DD09A2E00B24891 /* locationUITests.xctest */,
			);
			name = Products;
			sourceTree = "<group>";
		};
		190674AD1DD09A2D00B24891 /* location */ = {
			isa = PBXGroup;
			children = (
				190674AE1DD09A2D00B24891 /* AppDelegate.swift */,
				190674B01DD09A2D00B24891 /* ViewController.swift */,
				190674B21DD09A2D00B24891 /* Main.storyboard */,
				190674B51DD09A2D00B24891 /* Assets.xcassets */,
				190674B71DD09A2D00B24891 /* LaunchScreen.storyboard */,
				190674BA1DD09A2D00B24891 /* Info.plist */,
			);
			path = location;
			sourceTree = "<group>";
		};
		190674C21DD09A2E00B24891 /* locationTests */ = {
			isa = PBXGroup;
			children = (
				190674C31DD09A2E00B24891 /* locationTests.swift */,
				190674C51DD09A2E00B24891 /* Info.plist */,
			);
			path = locationTests;
			sourceTree = "<group>";
		};
		190674CD1DD09A2E00B24891 /* locationUITests */ = {
			isa = PBXGroup;
			children = (
				190674CE1DD09A2E00B24891 /* locationUITests.swift */,
				190674D01DD09A2E00B24891 /* Info.plist */,
			);
			path = locationUITests;
			sourceTree = "<group>";
		};
		190674DC1DD09B1E00B24891 /* Frameworks */ = {
			isa = PBXGroup;
			children = (
				190674DF1DD09B2600B24891 /* MapKit.framework */,
				190674DD1DD09B1E00B24891 /* CoreLocation.framework */,
			);
			name = Frameworks;
			sourceTree = "<group>";
		};
/* End PBXGroup section */

/* Begin PBXNativeTarget section */
		190674AA1DD09A2D00B24891 /* location */ = {
			isa = PBXNativeTarget;
			buildConfigurationList = 190674D31DD09A2E00B24891 /* Build configuration list for PBXNativeTarget "location" */;
			buildPhases = (
				190674A71DD09A2D00B24891 /* Sources */,
				190674A81DD09A2D00B24891 /* Frameworks */,
				190674A91DD09A2D00B24891 /* Resources */,
			);
			buildRules = (
			);
			dependencies = (
			);
			name = location;
			productName = location;
			productReference = 190674AB1DD09A2D00B24891 /* location.app */;
			productType = "com.apple.product-type.application";
		};
		190674BE1DD09A2E00B24891 /* locationTests */ = {
			isa = PBXNativeTarget;
			buildConfigurationList = 190674D61DD09A2E00B24891 /* Build configuration list for PBXNativeTarget "locationTests" */;
			buildPhases = (
				190674BB1DD09A2E00B24891 /* Sources */,
				190674BC1DD09A2E00B24891 /* Frameworks */,
				190674BD1DD09A2E00B24891 /* Resources */,
			);
			buildRules = (
			);
			dependencies = (
				190674C11DD09A2E00B24891 /* PBXTargetDependency */,
			);
			name = locationTests;
			productName = locationTests;
			productReference = 190674BF1DD09A2E00B24891 /* locationTests.xctest */;
			productType = "com.apple.product-type.bundle.unit-test";
		};
		190674C91DD09A2E00B24891 /* locationUITests */ = {
			isa = PBXNativeTarget;
			buildConfigurationList = 190674D91DD09A2E00B24891 /* Build configuration list for PBXNativeTarget "locationUITests" */;
			buildPhases = (
				190674C61DD09A2E00B24891 /* Sources */,
				190674C71DD09A2E00B24891 /* Frameworks */,
				190674C81DD09A2E00B24891 /* Resources */,
			);
			buildRules = (
			);
			dependencies = (
				190674CC1DD09A2E00B24891 /* PBXTargetDependency */,
			);
			name = locationUITests;
			productName = locationUITests;
			productReference = 190674CA1DD09A2E00B24891 /* locationUITests.xctest */;
			productType = "com.apple.product-type.bundle.ui-testing";
		};
/* End PBXNativeTarget section */

/* Begin PBXProject section */
		190674A31DD09A2D00B24891 /* Project object */ = {
			isa = PBXProject;
			attributes = {
				LastSwiftUpdateCheck = 0800;
				LastUpgradeCheck = 0800;
				ORGANIZATIONNAME = DJuser;
				TargetAttributes = {
					190674AA1DD09A2D00B24891 = {
						CreatedOnToolsVersion = 8.0;
						DevelopmentTeam = 7T4WC2R6B2;
						ProvisioningStyle = Automatic;
					};
					190674BE1DD09A2E00B24891 = {
						CreatedOnToolsVersion = 8.0;
						DevelopmentTeam = 3G632648EE;
						ProvisioningStyle = Automatic;
						TestTargetID = 190674AA1DD09A2D00B24891;
					};
					190674C91DD09A2E00B24891 = {
						CreatedOnToolsVersion = 8.0;
						DevelopmentTeam = 3G632648EE;
						ProvisioningStyle = Automatic;
						TestTargetID = 190674AA1DD09A2D00B24891;
					};
				};
			};
			buildConfigurationList = 190674A61DD09A2D00B24891 /* Build configuration list for PBXProject "location" */;
			compatibilityVersion = "Xcode 3.2";
			developmentRegion = English;
			hasScannedForEncodings = 0;
			knownRegions = (
				en,
				Base,
			);
			mainGroup = 190674A21DD09A2D00B24891;
			productRefGroup = 190674AC1DD09A2D00B24891 /* Products */;
			projectDirPath = "";
			projectRoot = "";
			targets = (
				190674AA1DD09A2D00B24891 /* location */,
				190674BE1DD09A2E00B24891 /* locationTests */,
				190674C91DD09A2E00B24891 /* locationUITests */,
			);
		};
/* End PBXProject section */

/* Begin PBXResourcesBuildPhase section */
		190674A91DD09A2D00B24891 /* Resources */ = {
			isa = PBXResourcesBuildPhase;
			buildActionMask = 2147483647;
			files = (
				190674B91DD09A2D00B24891 /* LaunchScreen.storyboard in Resources */,
				190674B61DD09A2D00B24891 /* Assets.xcassets in Resources */,
				190674B41DD09A2D00B24891 /* Main.storyboard in Resources */,
			);
			runOnlyForDeploymentPostprocessing = 0;
		};
		190674BD1DD09A2E00B24891 /* Resources */ = {
			isa = PBXResourcesBuildPhase;
			buildActionMask = 2147483647;
			files = (
			);
			runOnlyForDeploymentPostprocessing = 0;
		};
		190674C81DD09A2E00B24891 /* Resources */ = {
			isa = PBXResourcesBuildPhase;
			buildActionMask = 2147483647;
			files = (
			);
			runOnlyForDeploymentPostprocessing = 0;
		};
/* End PBXResourcesBuildPhase section */

/* Begin PBXSourcesBuildPhase section */
		190674A71DD09A2D00B24891 /* Sources */ = {
			isa = PBXSourcesBuildPhase;
			buildActionMask = 2147483647;
			files = (
				190674B11DD09A2D00B24891 /* ViewController.swift in Sources */,
				190674AF1DD09A2D00B24891 /* AppDelegate.swift in Sources */,
			);
			runOnlyForDeploymentPostprocessing = 0;
		};
		190674BB1DD09A2E00B24891 /* Sources */ = {
			isa = PBXSourcesBuildPhase;
			buildActionMask = 2147483647;
			files = (
				190674C41DD09A2E00B24891 /* locationTests.swift in Sources */,
			);
			runOnlyForDeploymentPostprocessing = 0;
		};
		190674C61DD09A2E00B24891 /* Sources */ = {
			isa = PBXSourcesBuildPhase;
			buildActionMask = 2147483647;
			files = (
				190674CF1DD09A2E00B24891 /* locationUITests.swift in Sources */,
			);
			runOnlyForDeploymentPostprocessing = 0;
		};
/* End PBXSourcesBuildPhase section */

/* Begin PBXTargetDependency section */
		190674C11DD09A2E00B24891 /* PBXTargetDependency */ = {
			isa = PBXTargetDependency;
			target = 190674AA1DD09A2D00B24891 /* location */;
			targetProxy = 190674C01DD09A2E00B24891 /* PBXContainerItemProxy */;
		};
		190674CC1DD09A2E00B24891 /* PBXTargetDependency */ = {
			isa = PBXTargetDependency;
			target = 190674AA1DD09A2D00B24891 /* location */;
			targetProxy = 190674CB1DD09A2E00B24891 /* PBXContainerItemProxy */;
		};
/* End PBXTargetDependency section */

/* Begin PBXVariantGroup section */
		190674B21DD09A2D00B24891 /* Main.storyboard */ = {
			isa = PBXVariantGroup;
			children = (
				190674B31DD09A2D00B24891 /* Base */,
			);
			name = Main.storyboard;
			sourceTree = "<group>";
		};
		190674B71DD09A2D00B24891 /* LaunchScreen.storyboard */ = {
			isa = PBXVariantGroup;
			children = (
				190674B81DD09A2D00B24891 /* Base */,
			);
			name = LaunchScreen.storyboard;
			sourceTree = "<group>";
		};
/* End PBXVariantGroup section */

/* Begin XCBuildConfiguration section */
		190674D11DD09A2E00B24891 /* Debug */ = {
			isa = XCBuildConfiguration;
			buildSettings = {
				ALWAYS_SEARCH_USER_PATHS = NO;
				CLANG_ANALYZER_NONNULL = YES;
				CLANG_CXX_LANGUAGE_STANDARD = "gnu++0x";
				CLANG_CXX_LIBRARY = "libc++";
				CLANG_ENABLE_MODULES = YES;
				CLANG_ENABLE_OBJC_ARC = YES;
				CLANG_WARN_BOOL_CONVERSION = YES;
				CLANG_WARN_CONSTANT_CONVERSION = YES;
				CLANG_WARN_DIRECT_OBJC_ISA_USAGE = YES_ERROR;
				CLANG_WARN_DOCUMENTATION_COMMENTS = YES;
				CLANG_WARN_EMPTY_BODY = YES;
				CLANG_WARN_ENUM_CONVERSION = YES;
				CLANG_WARN_INFINITE_RECURSION = YES;
				CLANG_WARN_INT_CONVERSION = YES;
				CLANG_WARN_OBJC_ROOT_CLASS = YES_ERROR;
				CLANG_WARN_SUSPICIOUS_MOVES = YES;
				CLANG_WARN_UNREACHABLE_CODE = YES;
				CLANG_WARN__DUPLICATE_METHOD_MATCH = YES;
				"CODE_SIGN_IDENTITY[sdk=iphoneos*]" = "iPhone Developer";
				COPY_PHASE_STRIP = NO;
				DEBUG_INFORMATION_FORMAT = dwarf;
				ENABLE_STRICT_OBJC_MSGSEND = YES;
				ENABLE_TESTABILITY = YES;
				GCC_C_LANGUAGE_STANDARD = gnu99;
				GCC_DYNAMIC_NO_PIC = NO;
				GCC_NO_COMMON_BLOCKS = YES;
				GCC_OPTIMIZATION_LEVEL = 0;
				GCC_PREPROCESSOR_DEFINITIONS = (
					"DEBUG=1",
					"$(inherited)",
				);
				GCC_WARN_64_TO_32_BIT_CONVERSION = YES;
				GCC_WARN_ABOUT_RETURN_TYPE = YES_ERROR;
				GCC_WARN_UNDECLARED_SELECTOR = YES;
				GCC_WARN_UNINITIALIZED_AUTOS = YES_AGGRESSIVE;
				GCC_WARN_UNUSED_FUNCTION = YES;
				GCC_WARN_UNUSED_VARIABLE = YES;
				IPHONEOS_DEPLOYMENT_TARGET = 10.0;
				MTL_ENABLE_DEBUG_INFO = YES;
				ONLY_ACTIVE_ARCH = YES;
				SDKROOT = iphoneos;
				SWIFT_ACTIVE_COMPILATION_CONDITIONS = DEBUG;
				SWIFT_OPTIMIZATION_LEVEL = "-Onone";
			};
			name = Debug;
		};
		190674D21DD09A2E00B24891 /* Release */ = {
			isa = XCBuildConfiguration;
			buildSettings = {
				ALWAYS_SEARCH_USER_PATHS = NO;
				CLANG_ANALYZER_NONNULL = YES;
				CLANG_CXX_LANGUAGE_STANDARD = "gnu++0x";
				CLANG_CXX_LIBRARY = "libc++";
				CLANG_ENABLE_MODULES = YES;
				CLANG_ENABLE_OBJC_ARC = YES;
				CLANG_WARN_BOOL_CONVERSION = YES;
				CLANG_WARN_CONSTANT_CONVERSION = YES;
				CLANG_WARN_DIRECT_OBJC_ISA_USAGE = YES_ERROR;
				CLANG_WARN_DOCUMENTATION_COMMENTS = YES;
				CLANG_WARN_EMPTY_BODY = YES;
				CLANG_WARN_ENUM_CONVERSION = YES;
				CLANG_WARN_INFINITE_RECURSION = YES;
				CLANG_WARN_INT_CONVERSION = YES;
				CLANG_WARN_OBJC_ROOT_CLASS = YES_ERROR;
				CLANG_WARN_SUSPICIOUS_MOVES = YES;
				CLANG_WARN_UNREACHABLE_CODE = YES;
				CLANG_WARN__DUPLICATE_METHOD_MATCH = YES;
				"CODE_SIGN_IDENTITY[sdk=iphoneos*]" = "iPhone Developer";
				COPY_PHASE_STRIP = NO;
				DEBUG_INFORMATION_FORMAT = "dwarf-with-dsym";
				ENABLE_NS_ASSERTIONS = NO;
				ENABLE_STRICT_OBJC_MSGSEND = YES;
				GCC_C_LANGUAGE_STANDARD = gnu99;
				GCC_NO_COMMON_BLOCKS = YES;
				GCC_WARN_64_TO_32_BIT_CONVERSION = YES;
				GCC_WARN_ABOUT_RETURN_TYPE = YES_ERROR;
				GCC_WARN_UNDECLARED_SELECTOR = YES;
				GCC_WARN_UNINITIALIZED_AUTOS = YES_AGGRESSIVE;
				GCC_WARN_UNUSED_FUNCTION = YES;
				GCC_WARN_UNUSED_VARIABLE = YES;
				IPHONEOS_DEPLOYMENT_TARGET = 10.0;
				MTL_ENABLE_DEBUG_INFO = NO;
				SDKROOT = iphoneos;
				SWIFT_OPTIMIZATION_LEVEL = "-Owholemodule";
				VALIDATE_PRODUCT = YES;
			};
			name = Release;
		};
		190674D41DD09A2E00B24891 /* Debug */ = {
			isa = XCBuildConfiguration;
			buildSettings = {
				ASSETCATALOG_COMPILER_APPICON_NAME = AppIcon;
				DEVELOPMENT_TEAM = 7T4WC2R6B2;
				INFOPLIST_FILE = location/Info.plist;
				IPHONEOS_DEPLOYMENT_TARGET = 8.3;
				LD_RUNPATH_SEARCH_PATHS = "$(inherited) @executable_path/Frameworks";
				PRODUCT_BUNDLE_IDENTIFIER = com.lunix.location;
				PRODUCT_NAME = "$(TARGET_NAME)";
				SWIFT_VERSION = 3.0;
			};
			name = Debug;
		};
		190674D51DD09A2E00B24891 /* Release */ = {
			isa = XCBuildConfiguration;
			buildSettings = {
				ASSETCATALOG_COMPILER_APPICON_NAME = AppIcon;
				DEVELOPMENT_TEAM = 7T4WC2R6B2;
				INFOPLIST_FILE = location/Info.plist;
				IPHONEOS_DEPLOYMENT_TARGET = 8.3;
				LD_RUNPATH_SEARCH_PATHS = "$(inherited) @executable_path/Frameworks";
				PRODUCT_BUNDLE_IDENTIFIER = com.lunix.location;
				PRODUCT_NAME = "$(TARGET_NAME)";
				SWIFT_VERSION = 3.0;
			};
			name = Release;
		};
		190674D71DD09A2E00B24891 /* Debug */ = {
			isa = XCBuildConfiguration;
			buildSettings = {
				ALWAYS_EMBED_SWIFT_STANDARD_LIBRARIES = YES;
				BUNDLE_LOADER = "$(TEST_HOST)";
				DEVELOPMENT_TEAM = 3G632648EE;
				INFOPLIST_FILE = locationTests/Info.plist;
				LD_RUNPATH_SEARCH_PATHS = "$(inherited) @executable_path/Frameworks @loader_path/Frameworks";
				PRODUCT_BUNDLE_IDENTIFIER = com.lunix.locationTests;
				PRODUCT_NAME = "$(TARGET_NAME)";
				SWIFT_VERSION = 3.0;
				TEST_HOST = "$(BUILT_PRODUCTS_DIR)/location.app/location";
			};
			name = Debug;
		};
		190674D81DD09A2E00B24891 /* Release */ = {
			isa = XCBuildConfiguration;
			buildSettings = {
				ALWAYS_EMBED_SWIFT_STANDARD_LIBRARIES = YES;
				BUNDLE_LOADER = "$(TEST_HOST)";
				DEVELOPMENT_TEAM = 3G632648EE;
				INFOPLIST_FILE = locationTests/Info.plist;
				LD_RUNPATH_SEARCH_PATHS = "$(inherited) @executable_path/Frameworks @loader_path/Frameworks";
				PRODUCT_BUNDLE_IDENTIFIER = com.lunix.locationTests;
				PRODUCT_NAME = "$(TARGET_NAME)";
				SWIFT_VERSION = 3.0;
				TEST_HOST = "$(BUILT_PRODUCTS_DIR)/location.app/location";
			};
			name = Release;
		};
		190674DA1DD09A2E00B24891 /* Debug */ = {
			isa = XCBuildConfiguration;
			buildSettings = {
				ALWAYS_EMBED_SWIFT_STANDARD_LIBRARIES = YES;
				DEVELOPMENT_TEAM = 3G632648EE;
				INFOPLIST_FILE = locationUITests/Info.plist;
				LD_RUNPATH_SEARCH_PATHS = "$(inherited) @executable_path/Frameworks @loader_path/Frameworks";
				PRODUCT_BUNDLE_IDENTIFIER = com.lunix.locationUITests;
				PRODUCT_NAME = "$(TARGET_NAME)";
				SWIFT_VERSION = 3.0;
				TEST_TARGET_NAME = location;
			};
			name = Debug;
		};
		190674DB1DD09A2E00B24891 /* Release */ = {
			isa = XCBuildConfiguration;
			buildSettings = {
				ALWAYS_EMBED_SWIFT_STANDARD_LIBRARIES = YES;
				DEVELOPMENT_TEAM = 3G632648EE;
				INFOPLIST_FILE = locationUITests/Info.plist;
				LD_RUNPATH_SEARCH_PATHS = "$(inherited) @executable_path/Frameworks @loader_path/Frameworks";
				PRODUCT_BUNDLE_IDENTIFIER = com.lunix.locationUITests;
				PRODUCT_NAME = "$(TARGET_NAME)";
				SWIFT_VERSION = 3.0;
				TEST_TARGET_NAME = location;
			};
			name = Release;
		};
/* End XCBuildConfiguration section */

/* Begin XCConfigurationList section */
		190674A61DD09A2D00B24891 /* Build configuration list for PBXProject "location" */ = {
			isa = XCConfigurationList;
			buildConfigurations = (
				190674D11DD09A2E00B24891 /* Debug */,
				190674D21DD09A2E00B24891 /* Release */,
			);
			defaultConfigurationIsVisible = 0;
			defaultConfigurationName = Release;
		};
		190674D31DD09A2E00B24891 /* Build configuration list for PBXNativeTarget "location" */ = {
			isa = XCConfigurationList;
			buildConfigurations = (
				190674D41DD09A2E00B24891 /* Debug */,
				190674D51DD09A2E00B24891 /* Release */,
			);
			defaultConfigurationIsVisible = 0;
			defaultConfigurationName = Release;
		};
		190674D61DD09A2E00B24891 /* Build configuration list for PBXNativeTarget "locationTests" */ = {
			isa = XCConfigurationList;
			buildConfigurations = (
				190674D71DD09A2E00B24891 /* Debug */,
				190674D81DD09A2E00B24891 /* Release */,
			);
			defaultConfigurationIsVisible = 0;
			defaultConfigurationName = Release;
		};
		190674D91DD09A2E00B24891 /* Build configuration list for PBXNativeTarget "locationUITests" */ = {
			isa = XCConfigurationList;
			buildConfigurations = (
				190674DA1DD09A2E00B24891 /* Debug */,
				190674DB1DD09A2E00B24891 /* Release */,
			);
			defaultConfigurationIsVisible = 0;
			defaultConfigurationName = Release;
		};
/* End XCConfigurationList section */
	};
	rootObject = 190674A31DD09A2D00B24891 /* Project object */;
}
